
Microsoft Visual Studio Solution File, Format Version 12.00
# Visual Studio Version 17
VisualStudioVersion = 17.8.34322.80
MinimumVisualStudioVersion = 10.0.40219.1
Project("{FAE04EC0-301F-11D3-BF4B-00C04F79EFBC}") = "AspCoreServer", "AspCoreServer\AspCoreServer.csproj", "{FAA59F36-186D-4787-8A7D-6C3F45D0D504}"
EndProject
Global
	GlobalSection(SolutionConfigurationPlatforms) = preSolution
		Debug|Any CPU = Debug|Any CPU
		Release|Any CPU = Release|Any CPU
	EndGlobalSection
	GlobalSection(ProjectConfigurationPlatforms) = postSolution
		{FAA59F36-186D-4787-8A7D-6C3F45D0D504}.Debug|Any CPU.ActiveCfg = Debug|Any CPU
		{FAA59F36-186D-4787-8A7D-6C3F45D0D504}.Debug|Any CPU.Build.0 = Debug|Any CPU
		{FAA59F36-186D-4787-8A7D-6C3F45D0D504}.Release|Any CPU.ActiveCfg = Release|Any CPU
		{FAA59F36-186D-4787-8A7D-6C3F45D0D504}.Release|Any CPU.Build.0 = Release|Any CPU
	EndGlobalSection
	GlobalSection(SolutionProperties) = preSolution
		HideSolutionNode = FALSE
	EndGlobalSection
	GlobalSection(ExtensibilityGlobals) = postSolution
		SolutionGuid = {5EB9CC2B-01CB-415D-A6F8-213C37D43282}
	EndGlobalSection
EndGlobal
